// !$*UTF8*$!
{
	archiveVersion = 1;
	classes = {
	};
	objectVersion = 50;
	objects = {

/* Begin PBXBuildFile section */
		AF09747B2249F54900989F11 /* Localizable.strings in Resources */ = {isa = PBXBuildFile; fileRef = AF09747D2249F54900989F11 /* Localizable.strings */; };
		AF0974812249FBC100989F11 /* InfoPlist.strings in Resources */ = {isa = PBXBuildFile; fileRef = AF09747F2249FBC100989F11 /* InfoPlist.strings */; };
		AF097488224A191200989F11 /* RegisterVC.m in Sources */ = {isa = PBXBuildFile; fileRef = AF097487224A191200989F11 /* RegisterVC.m */; };
		AF09748A224A1A2100989F11 /* Images.xcassets in Resources */ = {isa = PBXBuildFile; fileRef = AF097489224A1A2100989F11 /* Images.xcassets */; };
		AF09748E224A1CBE00989F11 /* ForgotPasswordVC.m in Sources */ = {isa = PBXBuildFile; fileRef = AF09748D224A1CBE00989F11 /* ForgotPasswordVC.m */; };
		AF097491224A234900989F11 /* LoginBean.m in Sources */ = {isa = PBXBuildFile; fileRef = AF097490224A234900989F11 /* LoginBean.m */; };
		AF097494224A237B00989F11 /* RegisterBean.m in Sources */ = {isa = PBXBuildFile; fileRef = AF097493224A237B00989F11 /* RegisterBean.m */; };
		AF097497224A23A600989F11 /* ForgotPasswordBean.m in Sources */ = {isa = PBXBuildFile; fileRef = AF097496224A23A600989F11 /* ForgotPasswordBean.m */; };
		AF49F03F2257083C00CF9C4D /* D3ModelImageVC.m in Sources */ = {isa = PBXBuildFile; fileRef = AF49F03E2257083C00CF9C4D /* D3ModelImageVC.m */; };
		AF894594224DE8140023D514 /* ColorSegmentVC.m in Sources */ = {isa = PBXBuildFile; fileRef = AF894593224DE8140023D514 /* ColorSegmentVC.m */; };
		AFAF4673225440BA008EF9CD /* SetBrushColorVC.m in Sources */ = {isa = PBXBuildFile; fileRef = AFAF4672225440BA008EF9CD /* SetBrushColorVC.m */; };
		AFAF467722545EC2008EF9CD /* SaveSimpleDataManager.m in Sources */ = {isa = PBXBuildFile; fileRef = AFAF467622545EC2008EF9CD /* SaveSimpleDataManager.m */; };
		AFBF90BD22486674007F2ED8 /* AppDelegate.m in Sources */ = {isa = PBXBuildFile; fileRef = AFBF90BC22486674007F2ED8 /* AppDelegate.m */; };
		AFBF90C522486676007F2ED8 /* Assets.xcassets in Resources */ = {isa = PBXBuildFile; fileRef = AFBF90C422486676007F2ED8 /* Assets.xcassets */; };
		AFBF90CB22486676007F2ED8 /* main.m in Sources */ = {isa = PBXBuildFile; fileRef = AFBF90CA22486676007F2ED8 /* main.m */; };
		AFBF90D522486676007F2ED8 /* GrapeFarmTests.m in Sources */ = {isa = PBXBuildFile; fileRef = AFBF90D422486676007F2ED8 /* GrapeFarmTests.m */; };
		AFBF90E022486676007F2ED8 /* GrapeFarmUITests.m in Sources */ = {isa = PBXBuildFile; fileRef = AFBF90DF22486676007F2ED8 /* GrapeFarmUITests.m */; };
		AFBF915622486ECE007F2ED8 /* NetworkTask.m in Sources */ = {isa = PBXBuildFile; fileRef = AFBF90F122486ECE007F2ED8 /* NetworkTask.m */; };
		AFBF915722486ECE007F2ED8 /* NetResultBase.m in Sources */ = {isa = PBXBuildFile; fileRef = AFBF90F222486ECE007F2ED8 /* NetResultBase.m */; };
		AFBF915822486ECE007F2ED8 /* UIImage+ResizeMagick.m in Sources */ = {isa = PBXBuildFile; fileRef = AFBF90F622486ECE007F2ED8 /* UIImage+ResizeMagick.m */; };
		AFBF915922486ECE007F2ED8 /* UIAlertController+Orientations.m in Sources */ = {isa = PBXBuildFile; fileRef = AFBF90F722486ECE007F2ED8 /* UIAlertController+Orientations.m */; };
		AFBF915A22486ECE007F2ED8 /* NSString+Utility.m in Sources */ = {isa = PBXBuildFile; fileRef = AFBF90F922486ECE007F2ED8 /* NSString+Utility.m */; };
		AFBF915B22486ECE007F2ED8 /* UIImage+Utility.m in Sources */ = {isa = PBXBuildFile; fileRef = AFBF90FA22486ECE007F2ED8 /* UIImage+Utility.m */; };
		AFBF915C22486ECE007F2ED8 /* UIView+SizeUtility.m in Sources */ = {isa = PBXBuildFile; fileRef = AFBF90FD22486ECE007F2ED8 /* UIView+SizeUtility.m */; };
		AFBF915D22486ECE007F2ED8 /* UIColor+Utility.m in Sources */ = {isa = PBXBuildFile; fileRef = AFBF90FE22486ECE007F2ED8 /* UIColor+Utility.m */; };
		AFBF915E22486ECE007F2ED8 /* NSData+Crypto.m in Sources */ = {isa = PBXBuildFile; fileRef = AFBF910122486ECE007F2ED8 /* NSData+Crypto.m */; };
		AFBF915F22486ECE007F2ED8 /* NSObject+Utility.m in Sources */ = {isa = PBXBuildFile; fileRef = AFBF910322486ECE007F2ED8 /* NSObject+Utility.m */; };
		AFBF917E22486ECE007F2ED8 /* AFURLResponseSerialization.m in Sources */ = {isa = PBXBuildFile; fileRef = AFBF914D22486ECE007F2ED8 /* AFURLResponseSerialization.m */; };
		AFBF917F22486ECE007F2ED8 /* AFHTTPSessionManager.m in Sources */ = {isa = PBXBuildFile; fileRef = AFBF914E22486ECE007F2ED8 /* AFHTTPSessionManager.m */; };
		AFBF918022486ECE007F2ED8 /* AFURLSessionManager.m in Sources */ = {isa = PBXBuildFile; fileRef = AFBF915022486ECE007F2ED8 /* AFURLSessionManager.m */; };
		AFBF918122486ECE007F2ED8 /* AFURLRequestSerialization.m in Sources */ = {isa = PBXBuildFile; fileRef = AFBF915122486ECE007F2ED8 /* AFURLRequestSerialization.m */; };
		AFBF918222486ECE007F2ED8 /* AFNetworkReachabilityManager.m in Sources */ = {isa = PBXBuildFile; fileRef = AFBF915322486ECE007F2ED8 /* AFNetworkReachabilityManager.m */; };
		AFBF918322486ECE007F2ED8 /* AFSecurityPolicy.m in Sources */ = {isa = PBXBuildFile; fileRef = AFBF915422486ECE007F2ED8 /* AFSecurityPolicy.m */; };
		AFBF918622487018007F2ED8 /* MainControllerManager.m in Sources */ = {isa = PBXBuildFile; fileRef = AFBF918422487018007F2ED8 /* MainControllerManager.m */; };
		AFBF918C22487674007F2ED8 /* LoginVC.m in Sources */ = {isa = PBXBuildFile; fileRef = AFBF918B22487674007F2ED8 /* LoginVC.m */; };
		AFBF9190224876DA007F2ED8 /* HomeVC.m in Sources */ = {isa = PBXBuildFile; fileRef = AFBF918F224876DA007F2ED8 /* HomeVC.m */; };
		AFCD4C4722534B6700A5040B /* ModelIdentificationVC.m in Sources */ = {isa = PBXBuildFile; fileRef = AFCD4C4622534B6700A5040B /* ModelIdentificationVC.m */; };
		AFCD4C4A22534E9700A5040B /* FileCache.m in Sources */ = {isa = PBXBuildFile; fileRef = AFCD4C4922534E9700A5040B /* FileCache.m */; };
		AFD97A91224B3D780048367E /* SettingsVC.m in Sources */ = {isa = PBXBuildFile; fileRef = AFD97A90224B3D780048367E /* SettingsVC.m */; };
		AFD97A95224B50970048367E /* RecordVC.m in Sources */ = {isa = PBXBuildFile; fileRef = AFD97A94224B50970048367E /* RecordVC.m */; };
		AFD97A98224B512A0048367E /* FarmListVC.m in Sources */ = {isa = PBXBuildFile; fileRef = AFD97A97224B512A0048367E /* FarmListVC.m */; };
		AFD97A9C224B68000048367E /* GrapeVarietiesVC.m in Sources */ = {isa = PBXBuildFile; fileRef = AFD97A9B224B68000048367E /* GrapeVarietiesVC.m */; };
		AFD97A9F224B6A190048367E /* RecordDetailVC.m in Sources */ = {isa = PBXBuildFile; fileRef = AFD97A9E224B6A190048367E /* RecordDetailVC.m */; };
		AFD97AB9224B6E630048367E /* Reachability.m in Sources */ = {isa = PBXBuildFile; fileRef = AFD97AA1224B6E630048367E /* Reachability.m */; };
		AFD97ABA224B6E630048367E /* LineView.m in Sources */ = {isa = PBXBuildFile; fileRef = AFD97AA3224B6E630048367E /* LineView.m */; };
		AFD97ABB224B6E630048367E /* AILoadingView.m in Sources */ = {isa = PBXBuildFile; fileRef = AFD97AA4224B6E630048367E /* AILoadingView.m */; };
		AFD97ABC224B6E630048367E /* CaptchaControl.m in Sources */ = {isa = PBXBuildFile; fileRef = AFD97AA7224B6E630048367E /* CaptchaControl.m */; };
		AFD97ABD224B6E630048367E /* AIListenNetWorkingStatus.m in Sources */ = {isa = PBXBuildFile; fileRef = AFD97AA8224B6E630048367E /* AIListenNetWorkingStatus.m */; };
		AFD97ABE224B6E630048367E /* AINavigationController.m in Sources */ = {isa = PBXBuildFile; fileRef = AFD97AAB224B6E630048367E /* AINavigationController.m */; };
		AFD97ABF224B6E630048367E /* BaseVC.m in Sources */ = {isa = PBXBuildFile; fileRef = AFD97AAE224B6E630048367E /* BaseVC.m */; };
		AFD97AC0224B6E630048367E /* FadePromptView.m in Sources */ = {isa = PBXBuildFile; fileRef = AFD97AB0224B6E630048367E /* FadePromptView.m */; };
		AFD97AC1224B6E630048367E /* DeviceInfo.m in Sources */ = {isa = PBXBuildFile; fileRef = AFD97AB1224B6E630048367E /* DeviceInfo.m */; };
		AFD97AC6224B6EFC0048367E /* UIBezierPath+Points.m in Sources */ = {isa = PBXBuildFile; fileRef = AFD97AC5224B6EFC0048367E /* UIBezierPath+Points.m */; };
		AFD97AC9224B70390048367E /* AICroppableView.m in Sources */ = {isa = PBXBuildFile; fileRef = AFD97AC8224B70390048367E /* AICroppableView.m */; };
		AFEDA3CE224CAC86004D063A /* Commit3DDataVC.m in Sources */ = {isa = PBXBuildFile; fileRef = AFEDA3CD224CAC86004D063A /* Commit3DDataVC.m */; };
		AFEDA3D4224CBDEB004D063A /* GetVerificationCodeBean.m in Sources */ = {isa = PBXBuildFile; fileRef = AFEDA3D3224CBDEB004D063A /* GetVerificationCodeBean.m */; };
/* End PBXBuildFile section */

/* Begin PBXContainerItemProxy section */
		AFBF90D122486676007F2ED8 /* PBXContainerItemProxy */ = {
			isa = PBXContainerItemProxy;
			containerPortal = AFBF90B022486674007F2ED8 /* Project object */;
			proxyType = 1;
			remoteGlobalIDString = AFBF90B722486674007F2ED8;
			remoteInfo = GrapeFarm;
		};
		AFBF90DC22486676007F2ED8 /* PBXContainerItemProxy */ = {
			isa = PBXContainerItemProxy;
			containerPortal = AFBF90B022486674007F2ED8 /* Project object */;
			proxyType = 1;
			remoteGlobalIDString = AFBF90B722486674007F2ED8;
			remoteInfo = GrapeFarm;
		};
/* End PBXContainerItemProxy section */

/* Begin PBXFileReference section */
		AF0974782249D37800989F11 /* GrapeFarm-Prefix.pch */ = {isa = PBXFileReference; lastKnownFileType = sourcecode.c.h; path = "GrapeFarm-Prefix.pch"; sourceTree = "<group>"; };
		AF09747C2249F54900989F11 /* en */ = {isa = PBXFileReference; lastKnownFileType = text.plist.strings; name = en; path = en.lproj/Localizable.strings; sourceTree = "<group>"; };
		AF09747E2249F56000989F11 /* zh-Hans */ = {isa = PBXFileReference; lastKnownFileType = text.plist.strings; name = "zh-Hans"; path = "zh-Hans.lproj/Localizable.strings"; sourceTree = "<group>"; };
		AF0974802249FBC100989F11 /* en */ = {isa = PBXFileReference; lastKnownFileType = text.plist.strings; name = en; path = en.lproj/InfoPlist.strings; sourceTree = "<group>"; };
		AF0974822249FBD200989F11 /* zh-Hans */ = {isa = PBXFileReference; lastKnownFileType = text.plist.strings; name = "zh-Hans"; path = "zh-Hans.lproj/InfoPlist.strings"; sourceTree = "<group>"; };
		AF097486224A191200989F11 /* RegisterVC.h */ = {isa = PBXFileReference; lastKnownFileType = sourcecode.c.h; path = RegisterVC.h; sourceTree = "<group>"; };
		AF097487224A191200989F11 /* RegisterVC.m */ = {isa = PBXFileReference; lastKnownFileType = sourcecode.c.objc; path = RegisterVC.m; sourceTree = "<group>"; };
		AF097489224A1A2100989F11 /* Images.xcassets */ = {isa = PBXFileReference; lastKnownFileType = folder.assetcatalog; path = Images.xcassets; sourceTree = "<group>"; };
		AF09748C224A1CBE00989F11 /* ForgotPasswordVC.h */ = {isa = PBXFileReference; lastKnownFileType = sourcecode.c.h; path = ForgotPasswordVC.h; sourceTree = "<group>"; };
		AF09748D224A1CBE00989F11 /* ForgotPasswordVC.m */ = {isa = PBXFileReference; lastKnownFileType = sourcecode.c.objc; path = ForgotPasswordVC.m; sourceTree = "<group>"; };
		AF09748F224A234900989F11 /* LoginBean.h */ = {isa = PBXFileReference; lastKnownFileType = sourcecode.c.h; path = LoginBean.h; sourceTree = "<group>"; };
		AF097490224A234900989F11 /* LoginBean.m */ = {isa = PBXFileReference; lastKnownFileType = sourcecode.c.objc; path = LoginBean.m; sourceTree = "<group>"; };
		AF097492224A237B00989F11 /* RegisterBean.h */ = {isa = PBXFileReference; lastKnownFileType = sourcecode.c.h; path = RegisterBean.h; sourceTree = "<group>"; };
		AF097493224A237B00989F11 /* RegisterBean.m */ = {isa = PBXFileReference; lastKnownFileType = sourcecode.c.objc; path = RegisterBean.m; sourceTree = "<group>"; };
		AF097495224A23A600989F11 /* ForgotPasswordBean.h */ = {isa = PBXFileReference; lastKnownFileType = sourcecode.c.h; path = ForgotPasswordBean.h; sourceTree = "<group>"; };
		AF097496224A23A600989F11 /* ForgotPasswordBean.m */ = {isa = PBXFileReference; lastKnownFileType = sourcecode.c.objc; path = ForgotPasswordBean.m; sourceTree = "<group>"; };
		AF49F03D2257083C00CF9C4D /* D3ModelImageVC.h */ = {isa = PBXFileReference; lastKnownFileType = sourcecode.c.h; path = D3ModelImageVC.h; sourceTree = "<group>"; };
		AF49F03E2257083C00CF9C4D /* D3ModelImageVC.m */ = {isa = PBXFileReference; lastKnownFileType = sourcecode.c.objc; path = D3ModelImageVC.m; sourceTree = "<group>"; };
		AF894592224DE8140023D514 /* ColorSegmentVC.h */ = {isa = PBXFileReference; lastKnownFileType = sourcecode.c.h; path = ColorSegmentVC.h; sourceTree = "<group>"; };
		AF894593224DE8140023D514 /* ColorSegmentVC.m */ = {isa = PBXFileReference; lastKnownFileType = sourcecode.c.objc; path = ColorSegmentVC.m; sourceTree = "<group>"; };
		AFAF4671225440BA008EF9CD /* SetBrushColorVC.h */ = {isa = PBXFileReference; lastKnownFileType = sourcecode.c.h; path = SetBrushColorVC.h; sourceTree = "<group>"; };
		AFAF4672225440BA008EF9CD /* SetBrushColorVC.m */ = {isa = PBXFileReference; lastKnownFileType = sourcecode.c.objc; path = SetBrushColorVC.m; sourceTree = "<group>"; };
		AFAF467522545EC2008EF9CD /* SaveSimpleDataManager.h */ = {isa = PBXFileReference; lastKnownFileType = sourcecode.c.h; path = SaveSimpleDataManager.h; sourceTree = "<group>"; };
		AFAF467622545EC2008EF9CD /* SaveSimpleDataManager.m */ = {isa = PBXFileReference; lastKnownFileType = sourcecode.c.objc; path = SaveSimpleDataManager.m; sourceTree = "<group>"; };
		AFBF90B822486674007F2ED8 /* GrapeFarm.app */ = {isa = PBXFileReference; explicitFileType = wrapper.application; includeInIndex = 0; path = GrapeFarm.app; sourceTree = BUILT_PRODUCTS_DIR; };
		AFBF90BB22486674007F2ED8 /* AppDelegate.h */ = {isa = PBXFileReference; lastKnownFileType = sourcecode.c.h; path = AppDelegate.h; sourceTree = "<group>"; };
		AFBF90BC22486674007F2ED8 /* AppDelegate.m */ = {isa = PBXFileReference; lastKnownFileType = sourcecode.c.objc; path = AppDelegate.m; sourceTree = "<group>"; };
		AFBF90C422486676007F2ED8 /* Assets.xcassets */ = {isa = PBXFileReference; lastKnownFileType = folder.assetcatalog; path = Assets.xcassets; sourceTree = "<group>"; };
		AFBF90C922486676007F2ED8 /* Info.plist */ = {isa = PBXFileReference; lastKnownFileType = text.plist.xml; path = Info.plist; sourceTree = "<group>"; };
		AFBF90CA22486676007F2ED8 /* main.m */ = {isa = PBXFileReference; lastKnownFileType = sourcecode.c.objc; path = main.m; sourceTree = "<group>"; };
		AFBF90D022486676007F2ED8 /* GrapeFarmTests.xctest */ = {isa = PBXFileReference; explicitFileType = wrapper.cfbundle; includeInIndex = 0; path = GrapeFarmTests.xctest; sourceTree = BUILT_PRODUCTS_DIR; };
		AFBF90D422486676007F2ED8 /* GrapeFarmTests.m */ = {isa = PBXFileReference; lastKnownFileType = sourcecode.c.objc; path = GrapeFarmTests.m; sourceTree = "<group>"; };
		AFBF90D622486676007F2ED8 /* Info.plist */ = {isa = PBXFileReference; lastKnownFileType = text.plist.xml; path = Info.plist; sourceTree = "<group>"; };
		AFBF90DB22486676007F2ED8 /* GrapeFarmUITests.xctest */ = {isa = PBXFileReference; explicitFileType = wrapper.cfbundle; includeInIndex = 0; path = GrapeFarmUITests.xctest; sourceTree = BUILT_PRODUCTS_DIR; };
		AFBF90DF22486676007F2ED8 /* GrapeFarmUITests.m */ = {isa = PBXFileReference; lastKnownFileType = sourcecode.c.objc; path = GrapeFarmUITests.m; sourceTree = "<group>"; };
		AFBF90E122486676007F2ED8 /* Info.plist */ = {isa = PBXFileReference; lastKnownFileType = text.plist.xml; path = Info.plist; sourceTree = "<group>"; };
		AFBF90EF22486ECE007F2ED8 /* NetworkTask.h */ = {isa = PBXFileReference; fileEncoding = 4; lastKnownFileType = sourcecode.c.h; path = NetworkTask.h; sourceTree = "<group>"; };
		AFBF90F022486ECE007F2ED8 /* NetResultBase.h */ = {isa = PBXFileReference; fileEncoding = 4; lastKnownFileType = sourcecode.c.h; path = NetResultBase.h; sourceTree = "<group>"; };
		AFBF90F122486ECE007F2ED8 /* NetworkTask.m */ = {isa = PBXFileReference; fileEncoding = 4; lastKnownFileType = sourcecode.c.objc; path = NetworkTask.m; sourceTree = "<group>"; };
		AFBF90F222486ECE007F2ED8 /* NetResultBase.m */ = {isa = PBXFileReference; fileEncoding = 4; lastKnownFileType = sourcecode.c.objc; path = NetResultBase.m; sourceTree = "<group>"; };
		AFBF90F422486ECE007F2ED8 /* UIColor+Utility.h */ = {isa = PBXFileReference; fileEncoding = 4; lastKnownFileType = sourcecode.c.h; path = "UIColor+Utility.h"; sourceTree = "<group>"; };
		AFBF90F522486ECE007F2ED8 /* UIView+SizeUtility.h */ = {isa = PBXFileReference; fileEncoding = 4; lastKnownFileType = sourcecode.c.h; path = "UIView+SizeUtility.h"; sourceTree = "<group>"; };
		AFBF90F622486ECE007F2ED8 /* UIImage+ResizeMagick.m */ = {isa = PBXFileReference; fileEncoding = 4; lastKnownFileType = sourcecode.c.objc; path = "UIImage+ResizeMagick.m"; sourceTree = "<group>"; };
		AFBF90F722486ECE007F2ED8 /* UIAlertController+Orientations.m */ = {isa = PBXFileReference; fileEncoding = 4; lastKnownFileType = sourcecode.c.objc; path = "UIAlertController+Orientations.m"; sourceTree = "<group>"; };
		AFBF90F822486ECE007F2ED8 /* NSData+Crypto.h */ = {isa = PBXFileReference; fileEncoding = 4; lastKnownFileType = sourcecode.c.h; path = "NSData+Crypto.h"; sourceTree = "<group>"; };
		AFBF90F922486ECE007F2ED8 /* NSString+Utility.m */ = {isa = PBXFileReference; fileEncoding = 4; lastKnownFileType = sourcecode.c.objc; path = "NSString+Utility.m"; sourceTree = "<group>"; };
		AFBF90FA22486ECE007F2ED8 /* UIImage+Utility.m */ = {isa = PBXFileReference; fileEncoding = 4; lastKnownFileType = sourcecode.c.objc; path = "UIImage+Utility.m"; sourceTree = "<group>"; };
		AFBF90FB22486ECE007F2ED8 /* NSObject+Utility.h */ = {isa = PBXFileReference; fileEncoding = 4; lastKnownFileType = sourcecode.c.h; path = "NSObject+Utility.h"; sourceTree = "<group>"; };
		AFBF90FC22486ECE007F2ED8 /* UIImage+ResizeMagick.h */ = {isa = PBXFileReference; fileEncoding = 4; lastKnownFileType = sourcecode.c.h; path = "UIImage+ResizeMagick.h"; sourceTree = "<group>"; };
		AFBF90FD22486ECE007F2ED8 /* UIView+SizeUtility.m */ = {isa = PBXFileReference; fileEncoding = 4; lastKnownFileType = sourcecode.c.objc; path = "UIView+SizeUtility.m"; sourceTree = "<group>"; };
		AFBF90FE22486ECE007F2ED8 /* UIColor+Utility.m */ = {isa = PBXFileReference; fileEncoding = 4; lastKnownFileType = sourcecode.c.objc; path = "UIColor+Utility.m"; sourceTree = "<group>"; };
		AFBF90FF22486ECE007F2ED8 /* UIImage+Utility.h */ = {isa = PBXFileReference; fileEncoding = 4; lastKnownFileType = sourcecode.c.h; path = "UIImage+Utility.h"; sourceTree = "<group>"; };
		AFBF910022486ECE007F2ED8 /* NSString+Utility.h */ = {isa = PBXFileReference; fileEncoding = 4; lastKnownFileType = sourcecode.c.h; path = "NSString+Utility.h"; sourceTree = "<group>"; };
		AFBF910122486ECE007F2ED8 /* NSData+Crypto.m */ = {isa = PBXFileReference; fileEncoding = 4; lastKnownFileType = sourcecode.c.objc; path = "NSData+Crypto.m"; sourceTree = "<group>"; };
		AFBF910222486ECE007F2ED8 /* UIAlertController+Orientations.h */ = {isa = PBXFileReference; fileEncoding = 4; lastKnownFileType = sourcecode.c.h; path = "UIAlertController+Orientations.h"; sourceTree = "<group>"; };
		AFBF910322486ECE007F2ED8 /* NSObject+Utility.m */ = {isa = PBXFileReference; fileEncoding = 4; lastKnownFileType = sourcecode.c.objc; path = "NSObject+Utility.m"; sourceTree = "<group>"; };
		AFBF914922486ECE007F2ED8 /* AFSecurityPolicy.h */ = {isa = PBXFileReference; fileEncoding = 4; lastKnownFileType = sourcecode.c.h; path = AFSecurityPolicy.h; sourceTree = "<group>"; };
		AFBF914A22486ECE007F2ED8 /* AFNetworkReachabilityManager.h */ = {isa = PBXFileReference; fileEncoding = 4; lastKnownFileType = sourcecode.c.h; path = AFNetworkReachabilityManager.h; sourceTree = "<group>"; };
		AFBF914B22486ECE007F2ED8 /* AFURLSessionManager.h */ = {isa = PBXFileReference; fileEncoding = 4; lastKnownFileType = sourcecode.c.h; path = AFURLSessionManager.h; sourceTree = "<group>"; };
		AFBF914C22486ECE007F2ED8 /* AFURLRequestSerialization.h */ = {isa = PBXFileReference; fileEncoding = 4; lastKnownFileType = sourcecode.c.h; path = AFURLRequestSerialization.h; sourceTree = "<group>"; };
		AFBF914D22486ECE007F2ED8 /* AFURLResponseSerialization.m */ = {isa = PBXFileReference; fileEncoding = 4; lastKnownFileType = sourcecode.c.objc; path = AFURLResponseSerialization.m; sourceTree = "<group>"; };
		AFBF914E22486ECE007F2ED8 /* AFHTTPSessionManager.m */ = {isa = PBXFileReference; fileEncoding = 4; lastKnownFileType = sourcecode.c.objc; path = AFHTTPSessionManager.m; sourceTree = "<group>"; };
		AFBF914F22486ECE007F2ED8 /* AFURLResponseSerialization.h */ = {isa = PBXFileReference; fileEncoding = 4; lastKnownFileType = sourcecode.c.h; path = AFURLResponseSerialization.h; sourceTree = "<group>"; };
		AFBF915022486ECE007F2ED8 /* AFURLSessionManager.m */ = {isa = PBXFileReference; fileEncoding = 4; lastKnownFileType = sourcecode.c.objc; path = AFURLSessionManager.m; sourceTree = "<group>"; };
		AFBF915122486ECE007F2ED8 /* AFURLRequestSerialization.m */ = {isa = PBXFileReference; fileEncoding = 4; lastKnownFileType = sourcecode.c.objc; path = AFURLRequestSerialization.m; sourceTree = "<group>"; };
		AFBF915222486ECE007F2ED8 /* AFNetworking.h */ = {isa = PBXFileReference; fileEncoding = 4; lastKnownFileType = sourcecode.c.h; path = AFNetworking.h; sourceTree = "<group>"; };
		AFBF915322486ECE007F2ED8 /* AFNetworkReachabilityManager.m */ = {isa = PBXFileReference; fileEncoding = 4; lastKnownFileType = sourcecode.c.objc; path = AFNetworkReachabilityManager.m; sourceTree = "<group>"; };
		AFBF915422486ECE007F2ED8 /* AFSecurityPolicy.m */ = {isa = PBXFileReference; fileEncoding = 4; lastKnownFileType = sourcecode.c.objc; path = AFSecurityPolicy.m; sourceTree = "<group>"; };
		AFBF915522486ECE007F2ED8 /* AFHTTPSessionManager.h */ = {isa = PBXFileReference; fileEncoding = 4; lastKnownFileType = sourcecode.c.h; path = AFHTTPSessionManager.h; sourceTree = "<group>"; };
		AFBF918422487018007F2ED8 /* MainControllerManager.m */ = {isa = PBXFileReference; fileEncoding = 4; lastKnownFileType = sourcecode.c.objc; path = MainControllerManager.m; sourceTree = "<group>"; };
		AFBF918522487018007F2ED8 /* MainControllerManager.h */ = {isa = PBXFileReference; fileEncoding = 4; lastKnownFileType = sourcecode.c.h; path = MainControllerManager.h; sourceTree = "<group>"; };
		AFBF918A22487674007F2ED8 /* LoginVC.h */ = {isa = PBXFileReference; lastKnownFileType = sourcecode.c.h; path = LoginVC.h; sourceTree = "<group>"; };
		AFBF918B22487674007F2ED8 /* LoginVC.m */ = {isa = PBXFileReference; lastKnownFileType = sourcecode.c.objc; path = LoginVC.m; sourceTree = "<group>"; };
		AFBF918E224876DA007F2ED8 /* HomeVC.h */ = {isa = PBXFileReference; lastKnownFileType = sourcecode.c.h; path = HomeVC.h; sourceTree = "<group>"; };
		AFBF918F224876DA007F2ED8 /* HomeVC.m */ = {isa = PBXFileReference; lastKnownFileType = sourcecode.c.objc; path = HomeVC.m; sourceTree = "<group>"; };
		AFCD4C4522534B6700A5040B /* ModelIdentificationVC.h */ = {isa = PBXFileReference; lastKnownFileType = sourcecode.c.h; path = ModelIdentificationVC.h; sourceTree = "<group>"; };
		AFCD4C4622534B6700A5040B /* ModelIdentificationVC.m */ = {isa = PBXFileReference; lastKnownFileType = sourcecode.c.objc; path = ModelIdentificationVC.m; sourceTree = "<group>"; };
		AFCD4C4822534E9700A5040B /* FileCache.h */ = {isa = PBXFileReference; fileEncoding = 4; lastKnownFileType = sourcecode.c.h; path = FileCache.h; sourceTree = "<group>"; };
		AFCD4C4922534E9700A5040B /* FileCache.m */ = {isa = PBXFileReference; fileEncoding = 4; lastKnownFileType = sourcecode.c.objc; path = FileCache.m; sourceTree = "<group>"; };
		AFD97A8F224B3D780048367E /* SettingsVC.h */ = {isa = PBXFileReference; lastKnownFileType = sourcecode.c.h; path = SettingsVC.h; sourceTree = "<group>"; };
		AFD97A90224B3D780048367E /* SettingsVC.m */ = {isa = PBXFileReference; lastKnownFileType = sourcecode.c.objc; path = SettingsVC.m; sourceTree = "<group>"; };
		AFD97A93224B50970048367E /* RecordVC.h */ = {isa = PBXFileReference; lastKnownFileType = sourcecode.c.h; path = RecordVC.h; sourceTree = "<group>"; };
		AFD97A94224B50970048367E /* RecordVC.m */ = {isa = PBXFileReference; lastKnownFileType = sourcecode.c.objc; path = RecordVC.m; sourceTree = "<group>"; };
		AFD97A96224B512A0048367E /* FarmListVC.h */ = {isa = PBXFileReference; lastKnownFileType = sourcecode.c.h; path = FarmListVC.h; sourceTree = "<group>"; };
		AFD97A97224B512A0048367E /* FarmListVC.m */ = {isa = PBXFileReference; lastKnownFileType = sourcecode.c.objc; path = FarmListVC.m; sourceTree = "<group>"; };
		AFD97A9A224B68000048367E /* GrapeVarietiesVC.h */ = {isa = PBXFileReference; lastKnownFileType = sourcecode.c.h; path = GrapeVarietiesVC.h; sourceTree = "<group>"; };
		AFD97A9B224B68000048367E /* GrapeVarietiesVC.m */ = {isa = PBXFileReference; lastKnownFileType = sourcecode.c.objc; path = GrapeVarietiesVC.m; sourceTree = "<group>"; };
		AFD97A9D224B6A190048367E /* RecordDetailVC.h */ = {isa = PBXFileReference; lastKnownFileType = sourcecode.c.h; path = RecordDetailVC.h; sourceTree = "<group>"; };
		AFD97A9E224B6A190048367E /* RecordDetailVC.m */ = {isa = PBXFileReference; lastKnownFileType = sourcecode.c.objc; path = RecordDetailVC.m; sourceTree = "<group>"; };
		AFD97AA1224B6E630048367E /* Reachability.m */ = {isa = PBXFileReference; fileEncoding = 4; lastKnownFileType = sourcecode.c.objc; path = Reachability.m; sourceTree = "<group>"; };
		AFD97AA2224B6E630048367E /* AINavigationController.h */ = {isa = PBXFileReference; fileEncoding = 4; lastKnownFileType = sourcecode.c.h; path = AINavigationController.h; sourceTree = "<group>"; };
		AFD97AA3224B6E630048367E /* LineView.m */ = {isa = PBXFileReference; fileEncoding = 4; lastKnownFileType = sourcecode.c.objc; path = LineView.m; sourceTree = "<group>"; };
		AFD97AA4224B6E630048367E /* AILoadingView.m */ = {isa = PBXFileReference; fileEncoding = 4; lastKnownFileType = sourcecode.c.objc; path = AILoadingView.m; sourceTree = "<group>"; };
		AFD97AA5224B6E630048367E /* BaseVC.h */ = {isa = PBXFileReference; fileEncoding = 4; lastKnownFileType = sourcecode.c.h; path = BaseVC.h; sourceTree = "<group>"; };
		AFD97AA6224B6E630048367E /* AICommonDef.h */ = {isa = PBXFileReference; fileEncoding = 4; lastKnownFileType = sourcecode.c.h; path = AICommonDef.h; sourceTree = "<group>"; };
		AFD97AA7224B6E630048367E /* CaptchaControl.m */ = {isa = PBXFileReference; fileEncoding = 4; lastKnownFileType = sourcecode.c.objc; path = CaptchaControl.m; sourceTree = "<group>"; };
		AFD97AA8224B6E630048367E /* AIListenNetWorkingStatus.m */ = {isa = PBXFileReference; fileEncoding = 4; lastKnownFileType = sourcecode.c.objc; path = AIListenNetWorkingStatus.m; sourceTree = "<group>"; };
		AFD97AA9224B6E630048367E /* DeviceInfo.h */ = {isa = PBXFileReference; fileEncoding = 4; lastKnownFileType = sourcecode.c.h; path = DeviceInfo.h; sourceTree = "<group>"; };
		AFD97AAA224B6E630048367E /* FadePromptView.h */ = {isa = PBXFileReference; fileEncoding = 4; lastKnownFileType = sourcecode.c.h; path = FadePromptView.h; sourceTree = "<group>"; };
		AFD97AAB224B6E630048367E /* AINavigationController.m */ = {isa = PBXFileReference; fileEncoding = 4; lastKnownFileType = sourcecode.c.objc; path = AINavigationController.m; sourceTree = "<group>"; };
		AFD97AAC224B6E630048367E /* Reachability.h */ = {isa = PBXFileReference; fileEncoding = 4; lastKnownFileType = sourcecode.c.h; path = Reachability.h; sourceTree = "<group>"; };
		AFD97AAD224B6E630048367E /* AILoadingView.h */ = {isa = PBXFileReference; fileEncoding = 4; lastKnownFileType = sourcecode.c.h; path = AILoadingView.h; sourceTree = "<group>"; };
		AFD97AAE224B6E630048367E /* BaseVC.m */ = {isa = PBXFileReference; fileEncoding = 4; lastKnownFileType = sourcecode.c.objc; path = BaseVC.m; sourceTree = "<group>"; };
		AFD97AAF224B6E630048367E /* LineView.h */ = {isa = PBXFileReference; fileEncoding = 4; lastKnownFileType = sourcecode.c.h; path = LineView.h; sourceTree = "<group>"; };
		AFD97AB0224B6E630048367E /* FadePromptView.m */ = {isa = PBXFileReference; fileEncoding = 4; lastKnownFileType = sourcecode.c.objc; path = FadePromptView.m; sourceTree = "<group>"; };
		AFD97AB1224B6E630048367E /* DeviceInfo.m */ = {isa = PBXFileReference; fileEncoding = 4; lastKnownFileType = sourcecode.c.objc; path = DeviceInfo.m; sourceTree = "<group>"; };
		AFD97AB2224B6E630048367E /* AIListenNetWorkingStatus.h */ = {isa = PBXFileReference; fileEncoding = 4; lastKnownFileType = sourcecode.c.h; path = AIListenNetWorkingStatus.h; sourceTree = "<group>"; };
		AFD97AB3224B6E630048367E /* CaptchaControl.h */ = {isa = PBXFileReference; fileEncoding = 4; lastKnownFileType = sourcecode.c.h; path = CaptchaControl.h; sourceTree = "<group>"; };
		AFD97AC4224B6EFC0048367E /* UIBezierPath+Points.h */ = {isa = PBXFileReference; fileEncoding = 4; lastKnownFileType = sourcecode.c.h; path = "UIBezierPath+Points.h"; sourceTree = "<group>"; };
		AFD97AC5224B6EFC0048367E /* UIBezierPath+Points.m */ = {isa = PBXFileReference; fileEncoding = 4; lastKnownFileType = sourcecode.c.objc; path = "UIBezierPath+Points.m"; sourceTree = "<group>"; };
		AFD97AC7224B70390048367E /* AICroppableView.h */ = {isa = PBXFileReference; fileEncoding = 4; lastKnownFileType = sourcecode.c.h; path = AICroppableView.h; sourceTree = "<group>"; };
		AFD97AC8224B70390048367E /* AICroppableView.m */ = {isa = PBXFileReference; fileEncoding = 4; lastKnownFileType = sourcecode.c.objc; path = AICroppableView.m; sourceTree = "<group>"; };
		AFEDA3CC224CAC86004D063A /* Commit3DDataVC.h */ = {isa = PBXFileReference; lastKnownFileType = sourcecode.c.h; path = Commit3DDataVC.h; sourceTree = "<group>"; };
		AFEDA3CD224CAC86004D063A /* Commit3DDataVC.m */ = {isa = PBXFileReference; lastKnownFileType = sourcecode.c.objc; path = Commit3DDataVC.m; sourceTree = "<group>"; };
		AFEDA3D2224CBDEB004D063A /* GetVerificationCodeBean.h */ = {isa = PBXFileReference; fileEncoding = 4; lastKnownFileType = sourcecode.c.h; path = GetVerificationCodeBean.h; sourceTree = "<group>"; };
		AFEDA3D3224CBDEB004D063A /* GetVerificationCodeBean.m */ = {isa = PBXFileReference; fileEncoding = 4; lastKnownFileType = sourcecode.c.objc; path = GetVerificationCodeBean.m; sourceTree = "<group>"; };
/* End PBXFileReference section */

/* Begin PBXFrameworksBuildPhase section */
		AFBF90B522486674007F2ED8 /* Frameworks */ = {
			isa = PBXFrameworksBuildPhase;
			buildActionMask = 2147483647;
			files = (
			);
			runOnlyForDeploymentPostprocessing = 0;
		};
		AFBF90CD22486676007F2ED8 /* Frameworks */ = {
			isa = PBXFrameworksBuildPhase;
			buildActionMask = 2147483647;
			files = (
			);
			runOnlyForDeploymentPostprocessing = 0;
		};
		AFBF90D822486676007F2ED8 /* Frameworks */ = {
			isa = PBXFrameworksBuildPhase;
			buildActionMask = 2147483647;
			files = (
			);
			runOnlyForDeploymentPostprocessing = 0;
		};
/* End PBXFrameworksBuildPhase section */

/* Begin PBXGroup section */
		AF0974772249B46A00989F11 /* Beans */ = {
			isa = PBXGroup;
			children = (
				AFEDA3D2224CBDEB004D063A /* GetVerificationCodeBean.h */,
				AFEDA3D3224CBDEB004D063A /* GetVerificationCodeBean.m */,
				AF09748F224A234900989F11 /* LoginBean.h */,
				AF097490224A234900989F11 /* LoginBean.m */,
				AF097492224A237B00989F11 /* RegisterBean.h */,
				AF097493224A237B00989F11 /* RegisterBean.m */,
				AF097495224A23A600989F11 /* ForgotPasswordBean.h */,
				AF097496224A23A600989F11 /* ForgotPasswordBean.m */,
			);
			path = Beans;
			sourceTree = "<group>";
		};
		AFBF90AF22486674007F2ED8 = {
			isa = PBXGroup;
			children = (
				AFBF90BA22486674007F2ED8 /* GrapeFarm */,
				AFBF90D322486676007F2ED8 /* GrapeFarmTests */,
				AFBF90DE22486676007F2ED8 /* GrapeFarmUITests */,
				AFBF90B922486674007F2ED8 /* Products */,
			);
			sourceTree = "<group>";
		};
		AFBF90B922486674007F2ED8 /* Products */ = {
			isa = PBXGroup;
			children = (
				AFBF90B822486674007F2ED8 /* GrapeFarm.app */,
				AFBF90D022486676007F2ED8 /* GrapeFarmTests.xctest */,
				AFBF90DB22486676007F2ED8 /* GrapeFarmUITests.xctest */,
			);
			name = Products;
			sourceTree = "<group>";
		};
		AFBF90BA22486674007F2ED8 /* GrapeFarm */ = {
			isa = PBXGroup;
			children = (
				AFBF90ED22486ECE007F2ED8 /* Tools */,
				AFBF918822487649007F2ED8 /* Model */,
				AF0974772249B46A00989F11 /* Beans */,
				AFD97A8E224B3D1B0048367E /* Setting */,
				AFBF918D224876C1007F2ED8 /* Home */,
				AFBF918922487649007F2ED8 /* Login */,
				AFBF90BB22486674007F2ED8 /* AppDelegate.h */,
				AFBF90BC22486674007F2ED8 /* AppDelegate.m */,
				AFBF918522487018007F2ED8 /* MainControllerManager.h */,
				AFBF918422487018007F2ED8 /* MainControllerManager.m */,
				AFBF90C422486676007F2ED8 /* Assets.xcassets */,
				AF097489224A1A2100989F11 /* Images.xcassets */,
				AFBF90C922486676007F2ED8 /* Info.plist */,
				AFBF90CA22486676007F2ED8 /* main.m */,
				AF0974782249D37800989F11 /* GrapeFarm-Prefix.pch */,
				AF09747F2249FBC100989F11 /* InfoPlist.strings */,
				AF09747D2249F54900989F11 /* Localizable.strings */,
			);
			path = GrapeFarm;
			sourceTree = "<group>";
		};
		AFBF90D322486676007F2ED8 /* GrapeFarmTests */ = {
			isa = PBXGroup;
			children = (
				AFBF90D422486676007F2ED8 /* GrapeFarmTests.m */,
				AFBF90D622486676007F2ED8 /* Info.plist */,
			);
			path = GrapeFarmTests;
			sourceTree = "<group>";
		};
		AFBF90DE22486676007F2ED8 /* GrapeFarmUITests */ = {
			isa = PBXGroup;
			children = (
				AFBF90DF22486676007F2ED8 /* GrapeFarmUITests.m */,
				AFBF90E122486676007F2ED8 /* Info.plist */,
			);
			path = GrapeFarmUITests;
			sourceTree = "<group>";
		};
		AFBF90ED22486ECE007F2ED8 /* Tools */ = {
			isa = PBXGroup;
			children = (
				AFD97AA0224B6E630048367E /* Helper */,
				AFBF90EE22486ECE007F2ED8 /* NetworkTask */,
				AFBF90F322486ECE007F2ED8 /* Category */,
				AFBF914822486ECE007F2ED8 /* AFNetworking */,
			);
			path = Tools;
			sourceTree = "<group>";
		};
		AFBF90EE22486ECE007F2ED8 /* NetworkTask */ = {
			isa = PBXGroup;
			children = (
				AFBF90EF22486ECE007F2ED8 /* NetworkTask.h */,
				AFBF90F122486ECE007F2ED8 /* NetworkTask.m */,
				AFBF90F022486ECE007F2ED8 /* NetResultBase.h */,
				AFBF90F222486ECE007F2ED8 /* NetResultBase.m */,
			);
			path = NetworkTask;
			sourceTree = "<group>";
		};
		AFBF90F322486ECE007F2ED8 /* Category */ = {
			isa = PBXGroup;
			children = (
				AFBF90F422486ECE007F2ED8 /* UIColor+Utility.h */,
				AFBF90FE22486ECE007F2ED8 /* UIColor+Utility.m */,
				AFBF90F522486ECE007F2ED8 /* UIView+SizeUtility.h */,
				AFBF90FD22486ECE007F2ED8 /* UIView+SizeUtility.m */,
				AFBF90FC22486ECE007F2ED8 /* UIImage+ResizeMagick.h */,
				AFBF90F622486ECE007F2ED8 /* UIImage+ResizeMagick.m */,
				AFBF910222486ECE007F2ED8 /* UIAlertController+Orientations.h */,
				AFBF90F722486ECE007F2ED8 /* UIAlertController+Orientations.m */,
				AFBF90F822486ECE007F2ED8 /* NSData+Crypto.h */,
				AFBF910122486ECE007F2ED8 /* NSData+Crypto.m */,
				AFBF910022486ECE007F2ED8 /* NSString+Utility.h */,
				AFBF90F922486ECE007F2ED8 /* NSString+Utility.m */,
				AFBF90FF22486ECE007F2ED8 /* UIImage+Utility.h */,
				AFBF90FA22486ECE007F2ED8 /* UIImage+Utility.m */,
				AFBF90FB22486ECE007F2ED8 /* NSObject+Utility.h */,
				AFBF910322486ECE007F2ED8 /* NSObject+Utility.m */,
				AFD97AC4224B6EFC0048367E /* UIBezierPath+Points.h */,
				AFD97AC5224B6EFC0048367E /* UIBezierPath+Points.m */,
			);
			path = Category;
			sourceTree = "<group>";
		};
		AFBF914822486ECE007F2ED8 /* AFNetworking */ = {
			isa = PBXGroup;
			children = (
				AFBF915222486ECE007F2ED8 /* AFNetworking.h */,
				AFBF914922486ECE007F2ED8 /* AFSecurityPolicy.h */,
				AFBF915422486ECE007F2ED8 /* AFSecurityPolicy.m */,
				AFBF914A22486ECE007F2ED8 /* AFNetworkReachabilityManager.h */,
				AFBF915322486ECE007F2ED8 /* AFNetworkReachabilityManager.m */,
				AFBF914C22486ECE007F2ED8 /* AFURLRequestSerialization.h */,
				AFBF915122486ECE007F2ED8 /* AFURLRequestSerialization.m */,
				AFBF914F22486ECE007F2ED8 /* AFURLResponseSerialization.h */,
				AFBF914D22486ECE007F2ED8 /* AFURLResponseSerialization.m */,
				AFBF915522486ECE007F2ED8 /* AFHTTPSessionManager.h */,
				AFBF914E22486ECE007F2ED8 /* AFHTTPSessionManager.m */,
				AFBF914B22486ECE007F2ED8 /* AFURLSessionManager.h */,
				AFBF915022486ECE007F2ED8 /* AFURLSessionManager.m */,
			);
			path = AFNetworking;
			sourceTree = "<group>";
		};
		AFBF918822487649007F2ED8 /* Model */ = {
			isa = PBXGroup;
			children = (
			);
			path = Model;
			sourceTree = "<group>";
		};
		AFBF918922487649007F2ED8 /* Login */ = {
			isa = PBXGroup;
			children = (
				AFBF918A22487674007F2ED8 /* LoginVC.h */,
				AFBF918B22487674007F2ED8 /* LoginVC.m */,
				AF097486224A191200989F11 /* RegisterVC.h */,
				AF097487224A191200989F11 /* RegisterVC.m */,
				AF09748C224A1CBE00989F11 /* ForgotPasswordVC.h */,
				AF09748D224A1CBE00989F11 /* ForgotPasswordVC.m */,
			);
			path = Login;
			sourceTree = "<group>";
		};
		AFBF918D224876C1007F2ED8 /* Home */ = {
			isa = PBXGroup;
			children = (
				AFBF918E224876DA007F2ED8 /* HomeVC.h */,
				AFBF918F224876DA007F2ED8 /* HomeVC.m */,
				AF894592224DE8140023D514 /* ColorSegmentVC.h */,
				AF894593224DE8140023D514 /* ColorSegmentVC.m */,
				AFCD4C4522534B6700A5040B /* ModelIdentificationVC.h */,
				AFCD4C4622534B6700A5040B /* ModelIdentificationVC.m */,
				AF49F03D2257083C00CF9C4D /* D3ModelImageVC.h */,
				AF49F03E2257083C00CF9C4D /* D3ModelImageVC.m */,
				AFEDA3CC224CAC86004D063A /* Commit3DDataVC.h */,
				AFEDA3CD224CAC86004D063A /* Commit3DDataVC.m */,
				AFD97A9A224B68000048367E /* GrapeVarietiesVC.h */,
				AFD97A9B224B68000048367E /* GrapeVarietiesVC.m */,
			);
			path = Home;
			sourceTree = "<group>";
		};
		AFD97A8E224B3D1B0048367E /* Setting */ = {
			isa = PBXGroup;
			children = (
				AFD97A8F224B3D780048367E /* SettingsVC.h */,
				AFD97A90224B3D780048367E /* SettingsVC.m */,
				AFD97A93224B50970048367E /* RecordVC.h */,
				AFD97A94224B50970048367E /* RecordVC.m */,
				AFD97A9D224B6A190048367E /* RecordDetailVC.h */,
				AFD97A9E224B6A190048367E /* RecordDetailVC.m */,
				AFD97A96224B512A0048367E /* FarmListVC.h */,
				AFD97A97224B512A0048367E /* FarmListVC.m */,
				AFAF4671225440BA008EF9CD /* SetBrushColorVC.h */,
				AFAF4672225440BA008EF9CD /* SetBrushColorVC.m */,
			);
			path = Setting;
			sourceTree = "<group>";
		};
		AFD97AA0224B6E630048367E /* Helper */ = {
			isa = PBXGroup;
			children = (
				AFD97AA6224B6E630048367E /* AICommonDef.h */,
				AFD97AAC224B6E630048367E /* Reachability.h */,
				AFD97AA1224B6E630048367E /* Reachability.m */,
				AFD97AA2224B6E630048367E /* AINavigationController.h */,
				AFD97AAB224B6E630048367E /* AINavigationController.m */,
				AFD97AAF224B6E630048367E /* LineView.h */,
				AFD97AA3224B6E630048367E /* LineView.m */,
				AFD97AAD224B6E630048367E /* AILoadingView.h */,
				AFD97AA4224B6E630048367E /* AILoadingView.m */,
				AFD97AB2224B6E630048367E /* AIListenNetWorkingStatus.h */,
				AFD97AA8224B6E630048367E /* AIListenNetWorkingStatus.m */,
				AFD97AA5224B6E630048367E /* BaseVC.h */,
				AFD97AAE224B6E630048367E /* BaseVC.m */,
				AFD97AAA224B6E630048367E /* FadePromptView.h */,
				AFD97AB0224B6E630048367E /* FadePromptView.m */,
				AFD97AA9224B6E630048367E /* DeviceInfo.h */,
				AFD97AB1224B6E630048367E /* DeviceInfo.m */,
				AFD97AB3224B6E630048367E /* CaptchaControl.h */,
				AFD97AA7224B6E630048367E /* CaptchaControl.m */,
				AFD97AC7224B70390048367E /* AICroppableView.h */,
				AFD97AC8224B70390048367E /* AICroppableView.m */,
				AFCD4C4822534E9700A5040B /* FileCache.h */,
				AFCD4C4922534E9700A5040B /* FileCache.m */,
				AFAF467522545EC2008EF9CD /* SaveSimpleDataManager.h */,
				AFAF467622545EC2008EF9CD /* SaveSimpleDataManager.m */,
			);
			path = Helper;
			sourceTree = "<group>";
		};
/* End PBXGroup section */

/* Begin PBXNativeTarget section */
		AFBF90B722486674007F2ED8 /* GrapeFarm */ = {
			isa = PBXNativeTarget;
			buildConfigurationList = AFBF90E422486676007F2ED8 /* Build configuration list for PBXNativeTarget "GrapeFarm" */;
			buildPhases = (
				AFBF90B422486674007F2ED8 /* Sources */,
				AFBF90B522486674007F2ED8 /* Frameworks */,
				AFBF90B622486674007F2ED8 /* Resources */,
			);
			buildRules = (
			);
			dependencies = (
			);
			name = GrapeFarm;
			productName = GrapeFarm;
			productReference = AFBF90B822486674007F2ED8 /* GrapeFarm.app */;
			productType = "com.apple.product-type.application";
		};
		AFBF90CF22486676007F2ED8 /* GrapeFarmTests */ = {
			isa = PBXNativeTarget;
			buildConfigurationList = AFBF90E722486676007F2ED8 /* Build configuration list for PBXNativeTarget "GrapeFarmTests" */;
			buildPhases = (
				AFBF90CC22486676007F2ED8 /* Sources */,
				AFBF90CD22486676007F2ED8 /* Frameworks */,
				AFBF90CE22486676007F2ED8 /* Resources */,
			);
			buildRules = (
			);
			dependencies = (
				AFBF90D222486676007F2ED8 /* PBXTargetDependency */,
			);
			name = GrapeFarmTests;
			productName = GrapeFarmTests;
			productReference = AFBF90D022486676007F2ED8 /* GrapeFarmTests.xctest */;
			productType = "com.apple.product-type.bundle.unit-test";
		};
		AFBF90DA22486676007F2ED8 /* GrapeFarmUITests */ = {
			isa = PBXNativeTarget;
			buildConfigurationList = AFBF90EA22486676007F2ED8 /* Build configuration list for PBXNativeTarget "GrapeFarmUITests" */;
			buildPhases = (
				AFBF90D722486676007F2ED8 /* Sources */,
				AFBF90D822486676007F2ED8 /* Frameworks */,
				AFBF90D922486676007F2ED8 /* Resources */,
			);
			buildRules = (
			);
			dependencies = (
				AFBF90DD22486676007F2ED8 /* PBXTargetDependency */,
			);
			name = GrapeFarmUITests;
			productName = GrapeFarmUITests;
			productReference = AFBF90DB22486676007F2ED8 /* GrapeFarmUITests.xctest */;
			productType = "com.apple.product-type.bundle.ui-testing";
		};
/* End PBXNativeTarget section */

/* Begin PBXProject section */
		AFBF90B022486674007F2ED8 /* Project object */ = {
			isa = PBXProject;
			attributes = {
				LastUpgradeCheck = 1010;
				ORGANIZATIONNAME = "Wu YouJian";
				TargetAttributes = {
					AFBF90B722486674007F2ED8 = {
						CreatedOnToolsVersion = 10.1;
						SystemCapabilities = {
							com.apple.BackgroundModes = {
								enabled = 1;
							};
						};
					};
					AFBF90CF22486676007F2ED8 = {
						CreatedOnToolsVersion = 10.1;
						TestTargetID = AFBF90B722486674007F2ED8;
					};
					AFBF90DA22486676007F2ED8 = {
						CreatedOnToolsVersion = 10.1;
						TestTargetID = AFBF90B722486674007F2ED8;
					};
				};
			};
			buildConfigurationList = AFBF90B322486674007F2ED8 /* Build configuration list for PBXProject "GrapeFarm" */;
			compatibilityVersion = "Xcode 9.3";
			developmentRegion = en;
			hasScannedForEncodings = 0;
			knownRegions = (
				en,
				Base,
				"zh-Hans",
			);
			mainGroup = AFBF90AF22486674007F2ED8;
			productRefGroup = AFBF90B922486674007F2ED8 /* Products */;
			projectDirPath = "";
			projectRoot = "";
			targets = (
				AFBF90B722486674007F2ED8 /* GrapeFarm */,
				AFBF90CF22486676007F2ED8 /* GrapeFarmTests */,
				AFBF90DA22486676007F2ED8 /* GrapeFarmUITests */,
			);
		};
/* End PBXProject section */

/* Begin PBXResourcesBuildPhase section */
		AFBF90B622486674007F2ED8 /* Resources */ = {
			isa = PBXResourcesBuildPhase;
			buildActionMask = 2147483647;
			files = (
				AFBF90C522486676007F2ED8 /* Assets.xcassets in Resources */,
				AF09748A224A1A2100989F11 /* Images.xcassets in Resources */,
				AF0974812249FBC100989F11 /* InfoPlist.strings in Resources */,
				AF09747B2249F54900989F11 /* Localizable.strings in Resources */,
			);
			runOnlyForDeploymentPostprocessing = 0;
		};
		AFBF90CE22486676007F2ED8 /* Resources */ = {
			isa = PBXResourcesBuildPhase;
			buildActionMask = 2147483647;
			files = (
			);
			runOnlyForDeploymentPostprocessing = 0;
		};
		AFBF90D922486676007F2ED8 /* Resources */ = {
			isa = PBXResourcesBuildPhase;
			buildActionMask = 2147483647;
			files = (
			);
			runOnlyForDeploymentPostprocessing = 0;
		};
/* End PBXResourcesBuildPhase section */

/* Begin PBXSourcesBuildPhase section */
		AFBF90B422486674007F2ED8 /* Sources */ = {
			isa = PBXSourcesBuildPhase;
			buildActionMask = 2147483647;
			files = (
				AFBF918322486ECE007F2ED8 /* AFSecurityPolicy.m in Sources */,
				AFD97ABF224B6E630048367E /* BaseVC.m in Sources */,
				AF097497224A23A600989F11 /* ForgotPasswordBean.m in Sources */,
				AFBF915722486ECE007F2ED8 /* NetResultBase.m in Sources */,
				AFEDA3D4224CBDEB004D063A /* GetVerificationCodeBean.m in Sources */,
				AFEDA3CE224CAC86004D063A /* Commit3DDataVC.m in Sources */,
				AFBF915E22486ECE007F2ED8 /* NSData+Crypto.m in Sources */,
				AFBF918622487018007F2ED8 /* MainControllerManager.m in Sources */,
				AFD97ABB224B6E630048367E /* AILoadingView.m in Sources */,
				AFD97ABD224B6E630048367E /* AIListenNetWorkingStatus.m in Sources */,
				AFD97AC0224B6E630048367E /* FadePromptView.m in Sources */,
				AF894594224DE8140023D514 /* ColorSegmentVC.m in Sources */,
				AFBF918122486ECE007F2ED8 /* AFURLRequestSerialization.m in Sources */,
				AF097488224A191200989F11 /* RegisterVC.m in Sources */,
				AFBF915922486ECE007F2ED8 /* UIAlertController+Orientations.m in Sources */,
				AFBF915D22486ECE007F2ED8 /* UIColor+Utility.m in Sources */,
				AFD97AC6224B6EFC0048367E /* UIBezierPath+Points.m in Sources */,
				AFBF915622486ECE007F2ED8 /* NetworkTask.m in Sources */,
				AFBF915C22486ECE007F2ED8 /* UIView+SizeUtility.m in Sources */,
				AFBF915A22486ECE007F2ED8 /* NSString+Utility.m in Sources */,
				AFAF4673225440BA008EF9CD /* SetBrushColorVC.m in Sources */,
				AFAF467722545EC2008EF9CD /* SaveSimpleDataManager.m in Sources */,
				AFBF90CB22486676007F2ED8 /* main.m in Sources */,
				AFD97A95224B50970048367E /* RecordVC.m in Sources */,
				AFCD4C4722534B6700A5040B /* ModelIdentificationVC.m in Sources */,
				AFBF918022486ECE007F2ED8 /* AFURLSessionManager.m in Sources */,
				AFBF918C22487674007F2ED8 /* LoginVC.m in Sources */,
				AFD97A9F224B6A190048367E /* RecordDetailVC.m in Sources */,
				AF09748E224A1CBE00989F11 /* ForgotPasswordVC.m in Sources */,
				AFD97AC9224B70390048367E /* AICroppableView.m in Sources */,
				AFD97A9C224B68000048367E /* GrapeVarietiesVC.m in Sources */,
				AFBF90BD22486674007F2ED8 /* AppDelegate.m in Sources */,
				AFD97A91224B3D780048367E /* SettingsVC.m in Sources */,
				AFD97ABE224B6E630048367E /* AINavigationController.m in Sources */,
				AF097494224A237B00989F11 /* RegisterBean.m in Sources */,
				AFD97AC1224B6E630048367E /* DeviceInfo.m in Sources */,
				AFBF917F22486ECE007F2ED8 /* AFHTTPSessionManager.m in Sources */,
				AFD97A98224B512A0048367E /* FarmListVC.m in Sources */,
				AFBF918222486ECE007F2ED8 /* AFNetworkReachabilityManager.m in Sources */,
				AFBF915B22486ECE007F2ED8 /* UIImage+Utility.m in Sources */,
				AFD97AB9224B6E630048367E /* Reachability.m in Sources */,
				AFBF915F22486ECE007F2ED8 /* NSObject+Utility.m in Sources */,
				AF097491224A234900989F11 /* LoginBean.m in Sources */,
				AF49F03F2257083C00CF9C4D /* D3ModelImageVC.m in Sources */,
				AFBF917E22486ECE007F2ED8 /* AFURLResponseSerialization.m in Sources */,
				AFCD4C4A22534E9700A5040B /* FileCache.m in Sources */,
				AFD97ABC224B6E630048367E /* CaptchaControl.m in Sources */,
				AFBF915822486ECE007F2ED8 /* UIImage+ResizeMagick.m in Sources */,
				AFBF9190224876DA007F2ED8 /* HomeVC.m in Sources */,
				AFD97ABA224B6E630048367E /* LineView.m in Sources */,
			);
			runOnlyForDeploymentPostprocessing = 0;
		};
		AFBF90CC22486676007F2ED8 /* Sources */ = {
			isa = PBXSourcesBuildPhase;
			buildActionMask = 2147483647;
			files = (
				AFBF90D522486676007F2ED8 /* GrapeFarmTests.m in Sources */,
			);
			runOnlyForDeploymentPostprocessing = 0;
		};
		AFBF90D722486676007F2ED8 /* Sources */ = {
			isa = PBXSourcesBuildPhase;
			buildActionMask = 2147483647;
			files = (
				AFBF90E022486676007F2ED8 /* GrapeFarmUITests.m in Sources */,
			);
			runOnlyForDeploymentPostprocessing = 0;
		};
/* End PBXSourcesBuildPhase section */

/* Begin PBXTargetDependency section */
		AFBF90D222486676007F2ED8 /* PBXTargetDependency */ = {
			isa = PBXTargetDependency;
			target = AFBF90B722486674007F2ED8 /* GrapeFarm */;
			targetProxy = AFBF90D122486676007F2ED8 /* PBXContainerItemProxy */;
		};
		AFBF90DD22486676007F2ED8 /* PBXTargetDependency */ = {
			isa = PBXTargetDependency;
			target = AFBF90B722486674007F2ED8 /* GrapeFarm */;
			targetProxy = AFBF90DC22486676007F2ED8 /* PBXContainerItemProxy */;
		};
/* End PBXTargetDependency section */

/* Begin PBXVariantGroup section */
		AF09747D2249F54900989F11 /* Localizable.strings */ = {
			isa = PBXVariantGroup;
			children = (
				AF09747C2249F54900989F11 /* en */,
				AF09747E2249F56000989F11 /* zh-Hans */,
			);
			name = Localizable.strings;
			sourceTree = "<group>";
		};
		AF09747F2249FBC100989F11 /* InfoPlist.strings */ = {
			isa = PBXVariantGroup;
			children = (
				AF0974802249FBC100989F11 /* en */,
				AF0974822249FBD200989F11 /* zh-Hans */,
			);
			name = InfoPlist.strings;
			sourceTree = "<group>";
		};
/* End PBXVariantGroup section */

/* Begin XCBuildConfiguration section */
		AFBF90E222486676007F2ED8 /* Debug */ = {
			isa = XCBuildConfiguration;
			buildSettings = {
				ALWAYS_SEARCH_USER_PATHS = NO;
				CLANG_ANALYZER_LOCALIZABILITY_NONLOCALIZED = YES;
				CLANG_ANALYZER_NONNULL = YES;
				CLANG_ANALYZER_NUMBER_OBJECT_CONVERSION = YES_AGGRESSIVE;
				CLANG_CXX_LANGUAGE_STANDARD = "gnu++14";
				CLANG_CXX_LIBRARY = "libc++";
				CLANG_ENABLE_MODULES = YES;
				CLANG_ENABLE_OBJC_ARC = YES;
				CLANG_ENABLE_OBJC_WEAK = YES;
				CLANG_WARN_BLOCK_CAPTURE_AUTORELEASING = YES;
				CLANG_WARN_BOOL_CONVERSION = YES;
				CLANG_WARN_COMMA = YES;
				CLANG_WARN_CONSTANT_CONVERSION = YES;
				CLANG_WARN_DEPRECATED_OBJC_IMPLEMENTATIONS = YES;
				CLANG_WARN_DIRECT_OBJC_ISA_USAGE = YES_ERROR;
				CLANG_WARN_DOCUMENTATION_COMMENTS = YES;
				CLANG_WARN_EMPTY_BODY = YES;
				CLANG_WARN_ENUM_CONVERSION = YES;
				CLANG_WARN_INFINITE_RECURSION = YES;
				CLANG_WARN_INT_CONVERSION = YES;
				CLANG_WARN_NON_LITERAL_NULL_CONVERSION = YES;
				CLANG_WARN_OBJC_IMPLICIT_RETAIN_SELF = YES;
				CLANG_WARN_OBJC_LITERAL_CONVERSION = YES;
				CLANG_WARN_OBJC_ROOT_CLASS = YES_ERROR;
				CLANG_WARN_RANGE_LOOP_ANALYSIS = YES;
				CLANG_WARN_STRICT_PROTOTYPES = YES;
				CLANG_WARN_SUSPICIOUS_MOVE = YES;
				CLANG_WARN_UNGUARDED_AVAILABILITY = YES_AGGRESSIVE;
				CLANG_WARN_UNREACHABLE_CODE = YES;
				CLANG_WARN__DUPLICATE_METHOD_MATCH = YES;
				CODE_SIGN_IDENTITY = "iPhone Developer";
				COPY_PHASE_STRIP = NO;
				DEBUG_INFORMATION_FORMAT = dwarf;
				ENABLE_STRICT_OBJC_MSGSEND = YES;
				ENABLE_TESTABILITY = YES;
				GCC_C_LANGUAGE_STANDARD = gnu11;
				GCC_DYNAMIC_NO_PIC = NO;
				GCC_NO_COMMON_BLOCKS = YES;
				GCC_OPTIMIZATION_LEVEL = 0;
				GCC_PREPROCESSOR_DEFINITIONS = (
					"DEBUG=1",
					"$(inherited)",
				);
				GCC_WARN_64_TO_32_BIT_CONVERSION = YES;
				GCC_WARN_ABOUT_RETURN_TYPE = YES_ERROR;
				GCC_WARN_UNDECLARED_SELECTOR = YES;
				GCC_WARN_UNINITIALIZED_AUTOS = YES_AGGRESSIVE;
				GCC_WARN_UNUSED_FUNCTION = YES;
				GCC_WARN_UNUSED_VARIABLE = YES;
				IPHONEOS_DEPLOYMENT_TARGET = 12.1;
				MTL_ENABLE_DEBUG_INFO = INCLUDE_SOURCE;
				MTL_FAST_MATH = YES;
				ONLY_ACTIVE_ARCH = YES;
				SDKROOT = iphoneos;
			};
			name = Debug;
		};
		AFBF90E322486676007F2ED8 /* Release */ = {
			isa = XCBuildConfiguration;
			buildSettings = {
				ALWAYS_SEARCH_USER_PATHS = NO;
				CLANG_ANALYZER_LOCALIZABILITY_NONLOCALIZED = YES;
				CLANG_ANALYZER_NONNULL = YES;
				CLANG_ANALYZER_NUMBER_OBJECT_CONVERSION = YES_AGGRESSIVE;
				CLANG_CXX_LANGUAGE_STANDARD = "gnu++14";
				CLANG_CXX_LIBRARY = "libc++";
				CLANG_ENABLE_MODULES = YES;
				CLANG_ENABLE_OBJC_ARC = YES;
				CLANG_ENABLE_OBJC_WEAK = YES;
				CLANG_WARN_BLOCK_CAPTURE_AUTORELEASING = YES;
				CLANG_WARN_BOOL_CONVERSION = YES;
				CLANG_WARN_COMMA = YES;
				CLANG_WARN_CONSTANT_CONVERSION = YES;
				CLANG_WARN_DEPRECATED_OBJC_IMPLEMENTATIONS = YES;
				CLANG_WARN_DIRECT_OBJC_ISA_USAGE = YES_ERROR;
				CLANG_WARN_DOCUMENTATION_COMMENTS = YES;
				CLANG_WARN_EMPTY_BODY = YES;
				CLANG_WARN_ENUM_CONVERSION = YES;
				CLANG_WARN_INFINITE_RECURSION = YES;
				CLANG_WARN_INT_CONVERSION = YES;
				CLANG_WARN_NON_LITERAL_NULL_CONVERSION = YES;
				CLANG_WARN_OBJC_IMPLICIT_RETAIN_SELF = YES;
				CLANG_WARN_OBJC_LITERAL_CONVERSION = YES;
				CLANG_WARN_OBJC_ROOT_CLASS = YES_ERROR;
				CLANG_WARN_RANGE_LOOP_ANALYSIS = YES;
				CLANG_WARN_STRICT_PROTOTYPES = YES;
				CLANG_WARN_SUSPICIOUS_MOVE = YES;
				CLANG_WARN_UNGUARDED_AVAILABILITY = YES_AGGRESSIVE;
				CLANG_WARN_UNREACHABLE_CODE = YES;
				CLANG_WARN__DUPLICATE_METHOD_MATCH = YES;
				CODE_SIGN_IDENTITY = "iPhone Developer";
				COPY_PHASE_STRIP = NO;
				DEBUG_INFORMATION_FORMAT = "dwarf-with-dsym";
				ENABLE_NS_ASSERTIONS = NO;
				ENABLE_STRICT_OBJC_MSGSEND = YES;
				GCC_C_LANGUAGE_STANDARD = gnu11;
				GCC_NO_COMMON_BLOCKS = YES;
				GCC_WARN_64_TO_32_BIT_CONVERSION = YES;
				GCC_WARN_ABOUT_RETURN_TYPE = YES_ERROR;
				GCC_WARN_UNDECLARED_SELECTOR = YES;
				GCC_WARN_UNINITIALIZED_AUTOS = YES_AGGRESSIVE;
				GCC_WARN_UNUSED_FUNCTION = YES;
				GCC_WARN_UNUSED_VARIABLE = YES;
				IPHONEOS_DEPLOYMENT_TARGET = 12.1;
				MTL_ENABLE_DEBUG_INFO = NO;
				MTL_FAST_MATH = YES;
				SDKROOT = iphoneos;
				VALIDATE_PRODUCT = YES;
			};
			name = Release;
		};
		AFBF90E522486676007F2ED8 /* Debug */ = {
			isa = XCBuildConfiguration;
			buildSettings = {
				ASSETCATALOG_COMPILER_APPICON_NAME = AppIcon;
				ASSETCATALOG_COMPILER_LAUNCHIMAGE_NAME = LaunchImage;
				CODE_SIGN_IDENTITY = "iPhone Developer: Wu YouJian (EK2QWBZ82K)";
				CODE_SIGN_STYLE = Manual;
				DEVELOPMENT_TEAM = 7DUX67X748;
				GCC_PRECOMPILE_PREFIX_HEADER = YES;
				GCC_PREFIX_HEADER = "GrapeFarm/GrapeFarm-Prefix.pch";
				INFOPLIST_FILE = GrapeFarm/Info.plist;
				IPHONEOS_DEPLOYMENT_TARGET = 8.0;
				LD_RUNPATH_SEARCH_PATHS = (
					"$(inherited)",
					"@executable_path/Frameworks",
				);
				PRODUCT_BUNDLE_IDENTIFIER = com.weimeitc.grapefarm;
				PRODUCT_NAME = "$(TARGET_NAME)";
				PROVISIONING_PROFILE_SPECIFIER = GrapeFarm_devProfile;
				TARGETED_DEVICE_FAMILY = 1;
			};
			name = Debug;
		};
		AFBF90E622486676007F2ED8 /* Release */ = {
			isa = XCBuildConfiguration;
			buildSettings = {
				ASSETCATALOG_COMPILER_APPICON_NAME = AppIcon;
				ASSETCATALOG_COMPILER_LAUNCHIMAGE_NAME = LaunchImage;
				CODE_SIGN_IDENTITY = "iPhone Distribution: Beijing WeiMeiTianCheng Technology Co., Ltd.";
				CODE_SIGN_STYLE = Manual;
				DEVELOPMENT_TEAM = 7DUX67X748;
				GCC_PRECOMPILE_PREFIX_HEADER = YES;
				GCC_PREFIX_HEADER = "GrapeFarm/GrapeFarm-Prefix.pch";
				INFOPLIST_FILE = GrapeFarm/Info.plist;
				IPHONEOS_DEPLOYMENT_TARGET = 8.0;
				LD_RUNPATH_SEARCH_PATHS = (
					"$(inherited)",
					"@executable_path/Frameworks",
				);
				PRODUCT_BUNDLE_IDENTIFIER = com.weimeitc.grapefarm;
				PRODUCT_NAME = "$(TARGET_NAME)";
				PROVISIONING_PROFILE_SPECIFIER = GrapeFarm_disProfile;
				TARGETED_DEVICE_FAMILY = 1;
			};
			name = Release;
		};
		AFBF90E822486676007F2ED8 /* Debug */ = {
			isa = XCBuildConfiguration;
			buildSettings = {
				BUNDLE_LOADER = "$(TEST_HOST)";
				CODE_SIGN_STYLE = Automatic;
				INFOPLIST_FILE = GrapeFarmTests/Info.plist;
				LD_RUNPATH_SEARCH_PATHS = (
					"$(inherited)",
					"@executable_path/Frameworks",
					"@loader_path/Frameworks",
				);
				PRODUCT_BUNDLE_IDENTIFIER = AI.GrapeFarmTests;
				PRODUCT_NAME = "$(TARGET_NAME)";
				TARGETED_DEVICE_FAMILY = "1,2";
				TEST_HOST = "$(BUILT_PRODUCTS_DIR)/GrapeFarm.app/GrapeFarm";
			};
			name = Debug;
		};
		AFBF90E922486676007F2ED8 /* Release */ = {
			isa = XCBuildConfiguration;
			buildSettings = {
				BUNDLE_LOADER = "$(TEST_HOST)";
				CODE_SIGN_STYLE = Automatic;
				INFOPLIST_FILE = GrapeFarmTests/Info.plist;
				LD_RUNPATH_SEARCH_PATHS = (
					"$(inherited)",
					"@executable_path/Frameworks",
					"@loader_path/Frameworks",
				);
				PRODUCT_BUNDLE_IDENTIFIER = AI.GrapeFarmTests;
				PRODUCT_NAME = "$(TARGET_NAME)";
				TARGETED_DEVICE_FAMILY = "1,2";
				TEST_HOST = "$(BUILT_PRODUCTS_DIR)/GrapeFarm.app/GrapeFarm";
			};
			name = Release;
		};
		AFBF90EB22486676007F2ED8 /* Debug */ = {
			isa = XCBuildConfiguration;
			buildSettings = {
				CODE_SIGN_STYLE = Automatic;
				INFOPLIST_FILE = GrapeFarmUITests/Info.plist;
				LD_RUNPATH_SEARCH_PATHS = (
					"$(inherited)",
					"@executable_path/Frameworks",
					"@loader_path/Frameworks",
				);
				PRODUCT_BUNDLE_IDENTIFIER = AI.GrapeFarmUITests;
				PRODUCT_NAME = "$(TARGET_NAME)";
				TARGETED_DEVICE_FAMILY = "1,2";
				TEST_TARGET_NAME = GrapeFarm;
			};
			name = Debug;
		};
		AFBF90EC22486676007F2ED8 /* Release */ = {
			isa = XCBuildConfiguration;
			buildSettings = {
				CODE_SIGN_STYLE = Automatic;
				INFOPLIST_FILE = GrapeFarmUITests/Info.plist;
				LD_RUNPATH_SEARCH_PATHS = (
					"$(inherited)",
					"@executable_path/Frameworks",
					"@loader_path/Frameworks",
				);
				PRODUCT_BUNDLE_IDENTIFIER = AI.GrapeFarmUITests;
				PRODUCT_NAME = "$(TARGET_NAME)";
				TARGETED_DEVICE_FAMILY = "1,2";
				TEST_TARGET_NAME = GrapeFarm;
			};
			name = Release;
		};
/* End XCBuildConfiguration section */

/* Begin XCConfigurationList section */
		AFBF90B322486674007F2ED8 /* Build configuration list for PBXProject "GrapeFarm" */ = {
			isa = XCConfigurationList;
			buildConfigurations = (
				AFBF90E222486676007F2ED8 /* Debug */,
				AFBF90E322486676007F2ED8 /* Release */,
			);
			defaultConfigurationIsVisible = 0;
			defaultConfigurationName = Release;
		};
		AFBF90E422486676007F2ED8 /* Build configuration list for PBXNativeTarget "GrapeFarm" */ = {
			isa = XCConfigurationList;
			buildConfigurations = (
				AFBF90E522486676007F2ED8 /* Debug */,
				AFBF90E622486676007F2ED8 /* Release */,
			);
			defaultConfigurationIsVisible = 0;
			defaultConfigurationName = Release;
		};
		AFBF90E722486676007F2ED8 /* Build configuration list for PBXNativeTarget "GrapeFarmTests" */ = {
			isa = XCConfigurationList;
			buildConfigurations = (
				AFBF90E822486676007F2ED8 /* Debug */,
				AFBF90E922486676007F2ED8 /* Release */,
			);
			defaultConfigurationIsVisible = 0;
			defaultConfigurationName = Release;
		};
		AFBF90EA22486676007F2ED8 /* Build configuration list for PBXNativeTarget "GrapeFarmUITests" */ = {
			isa = XCConfigurationList;
			buildConfigurations = (
				AFBF90EB22486676007F2ED8 /* Debug */,
				AFBF90EC22486676007F2ED8 /* Release */,
			);
			defaultConfigurationIsVisible = 0;
			defaultConfigurationName = Release;
		};
/* End XCConfigurationList section */
	};
	rootObject = AFBF90B022486674007F2ED8 /* Project object */;
}
